
Microsoft Visual Studio Solution File, Format Version 12.00
# Visual Studio Version 17
VisualStudioVersion = 17.3.32929.385
MinimumVisualStudioVersion = 10.0.40219.1
Project("{FAE04EC0-301F-11D3-BF4B-00C04F79EFBC}") = "Lab1", "lab1\Lab1.csproj", "{8BEA7192-68E8-4269-9D91-F464ADC71CCE}"
EndProject
Global
	GlobalSection(SolutionConfigurationPlatforms) = preSolution
		Debug|Any CPU = Debug|Any CPU
		Release|Any CPU = Release|Any CPU
	EndGlobalSection
	GlobalSection(ProjectConfigurationPlatforms) = postSolution
		{8BEA7192-68E8-4269-9D91-F464ADC71CCE}.Debug|Any CPU.ActiveCfg = Debug|Any CPU
		{8BEA7192-68E8-4269-9D91-F464ADC71CCE}.Debug|Any CPU.Build.0 = Debug|Any CPU
		{8BEA7192-68E8-4269-9D91-F464ADC71CCE}.Release|Any CPU.ActiveCfg = Release|Any CPU
		{8BEA7192-68E8-4269-9D91-F464ADC71CCE}.Release|Any CPU.Build.0 = Release|Any CPU
	EndGlobalSection
	GlobalSection(SolutionProperties) = preSolution
		HideSolutionNode = FALSE
	EndGlobalSection
	GlobalSection(ExtensibilityGlobals) = postSolution
		SolutionGuid = {734F8EBD-4329-486A-A102-1D93ADC2834E}
	EndGlobalSection
EndGlobal
